
Microsoft Visual Studio Solution File, Format Version 12.00
# Visual Studio Version 17
VisualStudioVersion = 17.1.32228.430
MinimumVisualStudioVersion = 10.0.40219.1
Project("{8BC9CEB8-8B4A-11D0-8D11-00A0C91BC942}") = "Project10CreateXXXXXBrush", "Project10CreateXXXXXBrush.vcxproj", "{307AC16E-4399-40C6-8EBF-3C0D1F0BBC03}"
EndProject
Global
	GlobalSection(SolutionConfigurationPlatforms) = preSolution
		Debug|x64 = Debug|x64
		Debug|x86 = Debug|x86
		Release|x64 = Release|x64
		Release|x86 = Release|x86
	EndGlobalSection
	GlobalSection(ProjectConfigurationPlatforms) = postSolution
		{307AC16E-4399-40C6-8EBF-3C0D1F0BBC03}.Debug|x64.ActiveCfg = Debug|x64
		{307AC16E-4399-40C6-8EBF-3C0D1F0BBC03}.Debug|x64.Build.0 = Debug|x64
		{307AC16E-4399-40C6-8EBF-3C0D1F0BBC03}.Debug|x86.ActiveCfg = Debug|Win32
		{307AC16E-4399-40C6-8EBF-3C0D1F0BBC03}.Debug|x86.Build.0 = Debug|Win32
		{307AC16E-4399-40C6-8EBF-3C0D1F0BBC03}.Release|x64.ActiveCfg = Release|x64
		{307AC16E-4399-40C6-8EBF-3C0D1F0BBC03}.Release|x64.Build.0 = Release|x64
		{307AC16E-4399-40C6-8EBF-3C0D1F0BBC03}.Release|x86.ActiveCfg = Release|Win32
		{307AC16E-4399-40C6-8EBF-3C0D1F0BBC03}.Release|x86.Build.0 = Release|Win32
	EndGlobalSection
	GlobalSection(SolutionProperties) = preSolution
		HideSolutionNode = FALSE
	EndGlobalSection
	GlobalSection(ExtensibilityGlobals) = postSolution
		SolutionGuid = {783D0C02-12A0-405A-A5FC-252E4E58B259}
	EndGlobalSection
EndGlobal
